
Microsoft Visual Studio Solution File, Format Version 12.00
# Visual Studio 15
VisualStudioVersion = 15.0.28010.2046
MinimumVisualStudioVersion = 10.0.40219.1
Project("{FAE04EC0-301F-11D3-BF4B-00C04F79EFBC}") = "IndexerTest", "IndexerTest\IndexerTest.csproj", "{279F1CDD-95EA-4A0C-8E23-447BCF897208}"
EndProject
Project("{FAE04EC0-301F-11D3-BF4B-00C04F79EFBC}") = "ConsoleApp4", "..\ConsoleApp4\ConsoleApp4.csproj", "{D9C98FFD-E769-46A6-8203-223C03A4046E}"
EndProject
Project("{FAE04EC0-301F-11D3-BF4B-00C04F79EFBC}") = "ConsoleApp5", "..\ConsoleApp5\ConsoleApp5.csproj", "{3F3BE353-48BB-46E0-BF86-20CBDC91EC16}"
EndProject
Project("{FAE04EC0-301F-11D3-BF4B-00C04F79EFBC}") = "ConsoleApp6", "..\ConsoleApp6\ConsoleApp6.csproj", "{ACA32558-EB85-40DE-B826-B8AEB16FD392}"
EndProject
Project("{FAE04EC0-301F-11D3-BF4B-00C04F79EFBC}") = "Delegate1", "..\Delegate1\Delegate1.csproj", "{911E6C7C-F5DB-406A-894B-16DF8FCB12AE}"
EndProject
Project("{FAE04EC0-301F-11D3-BF4B-00C04F79EFBC}") = "Delegate2", "..\Delegate2\Delegate2.csproj", "{BD97F4BE-C33C-4646-AE53-1B796F683832}"
EndProject
Project("{FAE04EC0-301F-11D3-BF4B-00C04F79EFBC}") = "Delegate3", "..\Delegate3\Delegate3.csproj", "{DE785E2E-DF72-40E3-962E-60AF2CDFF700}"
EndProject
Project("{FAE04EC0-301F-11D3-BF4B-00C04F79EFBC}") = "Delegate4", "..\Delegate4\Delegate4.csproj", "{3233272D-1D8F-4CFD-B873-39A0B2636F0F}"
EndProject
Project("{FAE04EC0-301F-11D3-BF4B-00C04F79EFBC}") = "Delegate5", "..\Delegate5\Delegate5.csproj", "{83D7EEC5-9EE0-4DFA-9AAF-9DF8F183B4F0}"
EndProject
Project("{FAE04EC0-301F-11D3-BF4B-00C04F79EFBC}") = "Event", "..\Event\Event.csproj", "{0375471C-4624-454E-AB21-6EB9A0691486}"
EndProject
Project("{FAE04EC0-301F-11D3-BF4B-00C04F79EFBC}") = "Event2", "..\Event2\Event2.csproj", "{41272E4E-E26C-46A1-94E5-A1F88D723575}"
EndProject
Project("{FAE04EC0-301F-11D3-BF4B-00C04F79EFBC}") = "Lamda1", "..\Lamda1\Lamda1.csproj", "{807C90D2-7362-48FC-A846-38D8F009DE87}"
EndProject
Project("{FAE04EC0-301F-11D3-BF4B-00C04F79EFBC}") = "Lamda2_lab", "..\Lamda2_lab\Lamda2_lab.csproj", "{66711713-DCB6-4707-806A-50B7A40F90EC}"
EndProject
Project("{FAE04EC0-301F-11D3-BF4B-00C04F79EFBC}") = "Lamda3", "..\Lamda3\Lamda3.csproj", "{FC5884BF-3B2E-4308-993E-93E880A19D4C}"
EndProject
Project("{FAE04EC0-301F-11D3-BF4B-00C04F79EFBC}") = "ConsoleApp7", "..\ConsoleApp7\ConsoleApp7.csproj", "{133D2AFC-0523-4302-B284-B0AA886E7742}"
EndProject
Project("{FAE04EC0-301F-11D3-BF4B-00C04F79EFBC}") = "ConsoleApp8", "..\ConsoleApp8\ConsoleApp8.csproj", "{49AEEC62-CF0B-4B6D-8BAF-E346F1AD0AFF}"
EndProject
Project("{FAE04EC0-301F-11D3-BF4B-00C04F79EFBC}") = "ConsoleApp9", "..\ConsoleApp9\ConsoleApp9.csproj", "{D4079E28-A1FA-4179-BAC8-A0DDA996EE11}"
EndProject
Project("{FAE04EC0-301F-11D3-BF4B-00C04F79EFBC}") = "Thread1", "..\Thread ex\Thread1.csproj", "{0C71DAB0-7828-478D-BC27-2F0E97F40B6E}"
EndProject
Project("{FAE04EC0-301F-11D3-BF4B-00C04F79EFBC}") = "ConsoleApp10", "..\ConsoleApp10\ConsoleApp10.csproj", "{73B5C190-DFF3-4F4A-9D4C-3A6667738BF3}"
EndProject
Project("{FAE04EC0-301F-11D3-BF4B-00C04F79EFBC}") = "ConsoleApp11", "..\ConsoleApp11\ConsoleApp11.csproj", "{21531238-B9B6-435E-AB49-4DE59D6C8AB0}"
EndProject
Global
	GlobalSection(SolutionConfigurationPlatforms) = preSolution
		Debug|Any CPU = Debug|Any CPU
		Release|Any CPU = Release|Any CPU
	EndGlobalSection
	GlobalSection(ProjectConfigurationPlatforms) = postSolution
		{279F1CDD-95EA-4A0C-8E23-447BCF897208}.Debug|Any CPU.ActiveCfg = Debug|Any CPU
		{279F1CDD-95EA-4A0C-8E23-447BCF897208}.Debug|Any CPU.Build.0 = Debug|Any CPU
		{279F1CDD-95EA-4A0C-8E23-447BCF897208}.Release|Any CPU.ActiveCfg = Release|Any CPU
		{279F1CDD-95EA-4A0C-8E23-447BCF897208}.Release|Any CPU.Build.0 = Release|Any CPU
		{D9C98FFD-E769-46A6-8203-223C03A4046E}.Debug|Any CPU.ActiveCfg = Debug|Any CPU
		{D9C98FFD-E769-46A6-8203-223C03A4046E}.Debug|Any CPU.Build.0 = Debug|Any CPU
		{D9C98FFD-E769-46A6-8203-223C03A4046E}.Release|Any CPU.ActiveCfg = Release|Any CPU
		{D9C98FFD-E769-46A6-8203-223C03A4046E}.Release|Any CPU.Build.0 = Release|Any CPU
		{3F3BE353-48BB-46E0-BF86-20CBDC91EC16}.Debug|Any CPU.ActiveCfg = Debug|Any CPU
		{3F3BE353-48BB-46E0-BF86-20CBDC91EC16}.Debug|Any CPU.Build.0 = Debug|Any CPU
		{3F3BE353-48BB-46E0-BF86-20CBDC91EC16}.Release|Any CPU.ActiveCfg = Release|Any CPU
		{3F3BE353-48BB-46E0-BF86-20CBDC91EC16}.Release|Any CPU.Build.0 = Release|Any CPU
		{ACA32558-EB85-40DE-B826-B8AEB16FD392}.Debug|Any CPU.ActiveCfg = Debug|Any CPU
		{ACA32558-EB85-40DE-B826-B8AEB16FD392}.Debug|Any CPU.Build.0 = Debug|Any CPU
		{ACA32558-EB85-40DE-B826-B8AEB16FD392}.Release|Any CPU.ActiveCfg = Release|Any CPU
		{ACA32558-EB85-40DE-B826-B8AEB16FD392}.Release|Any CPU.Build.0 = Release|Any CPU
		{911E6C7C-F5DB-406A-894B-16DF8FCB12AE}.Debug|Any CPU.ActiveCfg = Debug|Any CPU
		{911E6C7C-F5DB-406A-894B-16DF8FCB12AE}.Debug|Any CPU.Build.0 = Debug|Any CPU
		{911E6C7C-F5DB-406A-894B-16DF8FCB12AE}.Release|Any CPU.ActiveCfg = Release|Any CPU
		{911E6C7C-F5DB-406A-894B-16DF8FCB12AE}.Release|Any CPU.Build.0 = Release|Any CPU
		{BD97F4BE-C33C-4646-AE53-1B796F683832}.Debug|Any CPU.ActiveCfg = Debug|Any CPU
		{BD97F4BE-C33C-4646-AE53-1B796F683832}.Debug|Any CPU.Build.0 = Debug|Any CPU
		{BD97F4BE-C33C-4646-AE53-1B796F683832}.Release|Any CPU.ActiveCfg = Release|Any CPU
		{BD97F4BE-C33C-4646-AE53-1B796F683832}.Release|Any CPU.Build.0 = Release|Any CPU
		{DE785E2E-DF72-40E3-962E-60AF2CDFF700}.Debug|Any CPU.ActiveCfg = Debug|Any CPU
		{DE785E2E-DF72-40E3-962E-60AF2CDFF700}.Debug|Any CPU.Build.0 = Debug|Any CPU
		{DE785E2E-DF72-40E3-962E-60AF2CDFF700}.Release|Any CPU.ActiveCfg = Release|Any CPU
		{DE785E2E-DF72-40E3-962E-60AF2CDFF700}.Release|Any CPU.Build.0 = Release|Any CPU
		{3233272D-1D8F-4CFD-B873-39A0B2636F0F}.Debug|Any CPU.ActiveCfg = Debug|Any CPU
		{3233272D-1D8F-4CFD-B873-39A0B2636F0F}.Debug|Any CPU.Build.0 = Debug|Any CPU
		{3233272D-1D8F-4CFD-B873-39A0B2636F0F}.Release|Any CPU.ActiveCfg = Release|Any CPU
		{3233272D-1D8F-4CFD-B873-39A0B2636F0F}.Release|Any CPU.Build.0 = Release|Any CPU
		{83D7EEC5-9EE0-4DFA-9AAF-9DF8F183B4F0}.Debug|Any CPU.ActiveCfg = Debug|Any CPU
		{83D7EEC5-9EE0-4DFA-9AAF-9DF8F183B4F0}.Debug|Any CPU.Build.0 = Debug|Any CPU
		{83D7EEC5-9EE0-4DFA-9AAF-9DF8F183B4F0}.Release|Any CPU.ActiveCfg = Release|Any CPU
		{83D7EEC5-9EE0-4DFA-9AAF-9DF8F183B4F0}.Release|Any CPU.Build.0 = Release|Any CPU
		{0375471C-4624-454E-AB21-6EB9A0691486}.Debug|Any CPU.ActiveCfg = Debug|Any CPU
		{0375471C-4624-454E-AB21-6EB9A0691486}.Debug|Any CPU.Build.0 = Debug|Any CPU
		{0375471C-4624-454E-AB21-6EB9A0691486}.Release|Any CPU.ActiveCfg = Release|Any CPU
		{0375471C-4624-454E-AB21-6EB9A0691486}.Release|Any CPU.Build.0 = Release|Any CPU
		{41272E4E-E26C-46A1-94E5-A1F88D723575}.Debug|Any CPU.ActiveCfg = Debug|Any CPU
		{41272E4E-E26C-46A1-94E5-A1F88D723575}.Debug|Any CPU.Build.0 = Debug|Any CPU
		{41272E4E-E26C-46A1-94E5-A1F88D723575}.Release|Any CPU.ActiveCfg = Release|Any CPU
		{41272E4E-E26C-46A1-94E5-A1F88D723575}.Release|Any CPU.Build.0 = Release|Any CPU
		{807C90D2-7362-48FC-A846-38D8F009DE87}.Debug|Any CPU.ActiveCfg = Debug|Any CPU
		{807C90D2-7362-48FC-A846-38D8F009DE87}.Debug|Any CPU.Build.0 = Debug|Any CPU
		{807C90D2-7362-48FC-A846-38D8F009DE87}.Release|Any CPU.ActiveCfg = Release|Any CPU
		{807C90D2-7362-48FC-A846-38D8F009DE87}.Release|Any CPU.Build.0 = Release|Any CPU
		{66711713-DCB6-4707-806A-50B7A40F90EC}.Debug|Any CPU.ActiveCfg = Debug|Any CPU
		{66711713-DCB6-4707-806A-50B7A40F90EC}.Debug|Any CPU.Build.0 = Debug|Any CPU
		{66711713-DCB6-4707-806A-50B7A40F90EC}.Release|Any CPU.ActiveCfg = Release|Any CPU
		{66711713-DCB6-4707-806A-50B7A40F90EC}.Release|Any CPU.Build.0 = Release|Any CPU
		{FC5884BF-3B2E-4308-993E-93E880A19D4C}.Debug|Any CPU.ActiveCfg = Debug|Any CPU
		{FC5884BF-3B2E-4308-993E-93E880A19D4C}.Debug|Any CPU.Build.0 = Debug|Any CPU
		{FC5884BF-3B2E-4308-993E-93E880A19D4C}.Release|Any CPU.ActiveCfg = Release|Any CPU
		{FC5884BF-3B2E-4308-993E-93E880A19D4C}.Release|Any CPU.Build.0 = Release|Any CPU
		{133D2AFC-0523-4302-B284-B0AA886E7742}.Debug|Any CPU.ActiveCfg = Debug|Any CPU
		{133D2AFC-0523-4302-B284-B0AA886E7742}.Debug|Any CPU.Build.0 = Debug|Any CPU
		{133D2AFC-0523-4302-B284-B0AA886E7742}.Release|Any CPU.ActiveCfg = Release|Any CPU
		{133D2AFC-0523-4302-B284-B0AA886E7742}.Release|Any CPU.Build.0 = Release|Any CPU
		{49AEEC62-CF0B-4B6D-8BAF-E346F1AD0AFF}.Debug|Any CPU.ActiveCfg = Debug|Any CPU
		{49AEEC62-CF0B-4B6D-8BAF-E346F1AD0AFF}.Debug|Any CPU.Build.0 = Debug|Any CPU
		{49AEEC62-CF0B-4B6D-8BAF-E346F1AD0AFF}.Release|Any CPU.ActiveCfg = Release|Any CPU
		{49AEEC62-CF0B-4B6D-8BAF-E346F1AD0AFF}.Release|Any CPU.Build.0 = Release|Any CPU
		{D4079E28-A1FA-4179-BAC8-A0DDA996EE11}.Debug|Any CPU.ActiveCfg = Debug|Any CPU
		{D4079E28-A1FA-4179-BAC8-A0DDA996EE11}.Debug|Any CPU.Build.0 = Debug|Any CPU
		{D4079E28-A1FA-4179-BAC8-A0DDA996EE11}.Release|Any CPU.ActiveCfg = Release|Any CPU
		{D4079E28-A1FA-4179-BAC8-A0DDA996EE11}.Release|Any CPU.Build.0 = Release|Any CPU
		{0C71DAB0-7828-478D-BC27-2F0E97F40B6E}.Debug|Any CPU.ActiveCfg = Debug|Any CPU
		{0C71DAB0-7828-478D-BC27-2F0E97F40B6E}.Debug|Any CPU.Build.0 = Debug|Any CPU
		{0C71DAB0-7828-478D-BC27-2F0E97F40B6E}.Release|Any CPU.ActiveCfg = Release|Any CPU
		{0C71DAB0-7828-478D-BC27-2F0E97F40B6E}.Release|Any CPU.Build.0 = Release|Any CPU
		{73B5C190-DFF3-4F4A-9D4C-3A6667738BF3}.Debug|Any CPU.ActiveCfg = Debug|Any CPU
		{73B5C190-DFF3-4F4A-9D4C-3A6667738BF3}.Debug|Any CPU.Build.0 = Debug|Any CPU
		{73B5C190-DFF3-4F4A-9D4C-3A6667738BF3}.Release|Any CPU.ActiveCfg = Release|Any CPU
		{73B5C190-DFF3-4F4A-9D4C-3A6667738BF3}.Release|Any CPU.Build.0 = Release|Any CPU
		{21531238-B9B6-435E-AB49-4DE59D6C8AB0}.Debug|Any CPU.ActiveCfg = Debug|Any CPU
		{21531238-B9B6-435E-AB49-4DE59D6C8AB0}.Debug|Any CPU.Build.0 = Debug|Any CPU
		{21531238-B9B6-435E-AB49-4DE59D6C8AB0}.Release|Any CPU.ActiveCfg = Release|Any CPU
		{21531238-B9B6-435E-AB49-4DE59D6C8AB0}.Release|Any CPU.Build.0 = Release|Any CPU
	EndGlobalSection
	GlobalSection(SolutionProperties) = preSolution
		HideSolutionNode = FALSE
	EndGlobalSection
	GlobalSection(ExtensibilityGlobals) = postSolution
		SolutionGuid = {21D0A1D2-16E3-4FAE-B986-9A355D6AA4BD}
	EndGlobalSection
EndGlobal
