
Microsoft Visual Studio Solution File, Format Version 12.00
# Visual Studio 15
VisualStudioVersion = 15.0.28010.2046
MinimumVisualStudioVersion = 10.0.40219.1
Project("{FAE04EC0-301F-11D3-BF4B-00C04F79EFBC}") = "IndexerTest", "IndexerTest\IndexerTest.csproj", "{279F1CDD-95EA-4A0C-8E23-447BCF897208}"
EndProject
Project("{FAE04EC0-301F-11D3-BF4B-00C04F79EFBC}") = "ConsoleApp4", "..\ConsoleApp4\ConsoleApp4.csproj", "{D9C98FFD-E769-46A6-8203-223C03A4046E}"
EndProject
Project("{FAE04EC0-301F-11D3-BF4B-00C04F79EFBC}") = "ConsoleApp5", "..\ConsoleApp5\ConsoleApp5.csproj", "{3F3BE353-48BB-46E0-BF86-20CBDC91EC16}"
EndProject
Project("{FAE04EC0-301F-11D3-BF4B-00C04F79EFBC}") = "ConsoleApp6", "..\ConsoleApp6\ConsoleApp6.csproj", "{ACA32558-EB85-40DE-B826-B8AEB16FD392}"
EndProject
Project("{FAE04EC0-301F-11D3-BF4B-00C04F79EFBC}") = "Delegate1", "..\Delegate1\Delegate1.csproj", "{911E6C7C-F5DB-406A-894B-16DF8FCB12AE}"
EndProject
Global
	GlobalSection(SolutionConfigurationPlatforms) = preSolution
		Debug|Any CPU = Debug|Any CPU
		Release|Any CPU = Release|Any CPU
	EndGlobalSection
	GlobalSection(ProjectConfigurationPlatforms) = postSolution
		{279F1CDD-95EA-4A0C-8E23-447BCF897208}.Debug|Any CPU.ActiveCfg = Debug|Any CPU
		{279F1CDD-95EA-4A0C-8E23-447BCF897208}.Debug|Any CPU.Build.0 = Debug|Any CPU
		{279F1CDD-95EA-4A0C-8E23-447BCF897208}.Release|Any CPU.ActiveCfg = Release|Any CPU
		{279F1CDD-95EA-4A0C-8E23-447BCF897208}.Release|Any CPU.Build.0 = Release|Any CPU
		{D9C98FFD-E769-46A6-8203-223C03A4046E}.Debug|Any CPU.ActiveCfg = Debug|Any CPU
		{D9C98FFD-E769-46A6-8203-223C03A4046E}.Debug|Any CPU.Build.0 = Debug|Any CPU
		{D9C98FFD-E769-46A6-8203-223C03A4046E}.Release|Any CPU.ActiveCfg = Release|Any CPU
		{D9C98FFD-E769-46A6-8203-223C03A4046E}.Release|Any CPU.Build.0 = Release|Any CPU
		{3F3BE353-48BB-46E0-BF86-20CBDC91EC16}.Debug|Any CPU.ActiveCfg = Debug|Any CPU
		{3F3BE353-48BB-46E0-BF86-20CBDC91EC16}.Debug|Any CPU.Build.0 = Debug|Any CPU
		{3F3BE353-48BB-46E0-BF86-20CBDC91EC16}.Release|Any CPU.ActiveCfg = Release|Any CPU
		{3F3BE353-48BB-46E0-BF86-20CBDC91EC16}.Release|Any CPU.Build.0 = Release|Any CPU
		{ACA32558-EB85-40DE-B826-B8AEB16FD392}.Debug|Any CPU.ActiveCfg = Debug|Any CPU
		{ACA32558-EB85-40DE-B826-B8AEB16FD392}.Debug|Any CPU.Build.0 = Debug|Any CPU
		{ACA32558-EB85-40DE-B826-B8AEB16FD392}.Release|Any CPU.ActiveCfg = Release|Any CPU
		{ACA32558-EB85-40DE-B826-B8AEB16FD392}.Release|Any CPU.Build.0 = Release|Any CPU
		{911E6C7C-F5DB-406A-894B-16DF8FCB12AE}.Debug|Any CPU.ActiveCfg = Debug|Any CPU
		{911E6C7C-F5DB-406A-894B-16DF8FCB12AE}.Debug|Any CPU.Build.0 = Debug|Any CPU
		{911E6C7C-F5DB-406A-894B-16DF8FCB12AE}.Release|Any CPU.ActiveCfg = Release|Any CPU
		{911E6C7C-F5DB-406A-894B-16DF8FCB12AE}.Release|Any CPU.Build.0 = Release|Any CPU
	EndGlobalSection
	GlobalSection(SolutionProperties) = preSolution
		HideSolutionNode = FALSE
	EndGlobalSection
	GlobalSection(ExtensibilityGlobals) = postSolution
		SolutionGuid = {21D0A1D2-16E3-4FAE-B986-9A355D6AA4BD}
	EndGlobalSection
EndGlobal
