
Microsoft Visual Studio Solution File, Format Version 12.00
# Visual Studio 15
VisualStudioVersion = 15.0.28010.2046
MinimumVisualStudioVersion = 10.0.40219.1
Project("{FAE04EC0-301F-11D3-BF4B-00C04F79EFBC}") = "HelloWorld", "HelloWorld\HelloWorld.csproj", "{9360344F-C0DA-4CF9-9902-D647650828C2}"
EndProject
Global
	GlobalSection(SolutionConfigurationPlatforms) = preSolution
		Debug|Any CPU = Debug|Any CPU
		Release|Any CPU = Release|Any CPU
	EndGlobalSection
	GlobalSection(ProjectConfigurationPlatforms) = postSolution
		{9360344F-C0DA-4CF9-9902-D647650828C2}.Debug|Any CPU.ActiveCfg = Debug|Any CPU
		{9360344F-C0DA-4CF9-9902-D647650828C2}.Debug|Any CPU.Build.0 = Debug|Any CPU
		{9360344F-C0DA-4CF9-9902-D647650828C2}.Release|Any CPU.ActiveCfg = Release|Any CPU
		{9360344F-C0DA-4CF9-9902-D647650828C2}.Release|Any CPU.Build.0 = Release|Any CPU
	EndGlobalSection
	GlobalSection(SolutionProperties) = preSolution
		HideSolutionNode = FALSE
	EndGlobalSection
	GlobalSection(ExtensibilityGlobals) = postSolution
		SolutionGuid = {08901ED2-7D86-4CC2-8A08-02D6A7D975B6}
	EndGlobalSection
EndGlobal
